
Microsoft Visual Studio Solution File, Format Version 12.00
# Visual Studio 15
VisualStudioVersion = 15.0.27004.2005
MinimumVisualStudioVersion = 10.0.40219.1
Project("{FAE04EC0-301F-11D3-BF4B-00C04F79EFBC}") = "LcStaffDirectory", "LcStaffDirectory\LcStaffDirectory.csproj", "{F6290814-4E37-418A-A8B4-120DAFD02482}"
EndProject
Global
	GlobalSection(SolutionConfigurationPlatforms) = preSolution
		Debug|Any CPU = Debug|Any CPU
		Release|Any CPU = Release|Any CPU
	EndGlobalSection
	GlobalSection(ProjectConfigurationPlatforms) = postSolution
		{F6290814-4E37-418A-A8B4-120DAFD02482}.Debug|Any CPU.ActiveCfg = Debug|Any CPU
		{F6290814-4E37-418A-A8B4-120DAFD02482}.Debug|Any CPU.Build.0 = Debug|Any CPU
		{F6290814-4E37-418A-A8B4-120DAFD02482}.Release|Any CPU.ActiveCfg = Release|Any CPU
		{F6290814-4E37-418A-A8B4-120DAFD02482}.Release|Any CPU.Build.0 = Release|Any CPU
	EndGlobalSection
	GlobalSection(SolutionProperties) = preSolution
		HideSolutionNode = FALSE
	EndGlobalSection
	GlobalSection(ExtensibilityGlobals) = postSolution
		SolutionGuid = {E91DEAB3-B478-4077-A496-7816FFA442B2}
	EndGlobalSection
EndGlobal
